// !$*UTF8*$!
{
	archiveVersion = 1;
	classes = {
	};
	objectVersion = 51;
	objects = {

/* Begin PBXBuildFile section */
		4FC3CC7199E8F2F1AEE1F6D7 /* Pods_Identity_Crisis.framework in Frameworks */ = {isa = PBXBuildFile; fileRef = 1CD981D39F7082C1E39914A7 /* Pods_Identity_Crisis.framework */; };
		A0C29EC4253BB9670046CE15 /* Assets.xcassets in Resources */ = {isa = PBXBuildFile; fileRef = A0C29EC3253BB9670046CE15 /* Assets.xcassets */; };
		A0C29EC7253BB9670046CE15 /* Preview Assets.xcassets in Resources */ = {isa = PBXBuildFile; fileRef = A0C29EC6253BB9670046CE15 /* Preview Assets.xcassets */; };
		A0C29ECA253BB9670046CE15 /* Main.storyboard in Resources */ = {isa = PBXBuildFile; fileRef = A0C29EC8253BB9670046CE15 /* Main.storyboard */; };
		A0C29ED8253BBE080046CE15 /* StatisticsView.swift in Sources */ = {isa = PBXBuildFile; fileRef = A0C29ED7253BBE080046CE15 /* StatisticsView.swift */; };
		A0C29EDB253BC3370046CE15 /* MainTabView.swift in Sources */ = {isa = PBXBuildFile; fileRef = A0C29EDA253BC3370046CE15 /* MainTabView.swift */; };
		A0C29EDF253BD7ED0046CE15 /* FloatingBar.swift in Sources */ = {isa = PBXBuildFile; fileRef = A0C29EDE253BD7ED0046CE15 /* FloatingBar.swift */; };
		D2519DFF253BC424002C7E80 /* CameraInput.swift in Sources */ = {isa = PBXBuildFile; fileRef = D2519DFE253BC424002C7E80 /* CameraInput.swift */; };
		D2519E04253BCA4A002C7E80 /* Emotion.swift in Sources */ = {isa = PBXBuildFile; fileRef = D2519E03253BCA4A002C7E80 /* Emotion.swift */; };
		D2519E0B253BCBEE002C7E80 /* EmotionClassification.swift in Sources */ = {isa = PBXBuildFile; fileRef = D2519E0A253BCBEE002C7E80 /* EmotionClassification.swift */; };
		D2ADE110253BE380006CAF08 /* opencv2.framework in Frameworks */ = {isa = PBXBuildFile; fileRef = D2ADE10F253BE380006CAF08 /* opencv2.framework */; };
		D2ADE114253BE3DD006CAF08 /* AppDelegate.swift in Sources */ = {isa = PBXBuildFile; fileRef = A0C29EBF253BB9650046CE15 /* AppDelegate.swift */; };
		D2ADE115253BE3DD006CAF08 /* ContentView.swift in Sources */ = {isa = PBXBuildFile; fileRef = A0C29EC1253BB9650046CE15 /* ContentView.swift */; };
		D2ADE138253C3061006CAF08 /* CustomMainTabView.swift in Sources */ = {isa = PBXBuildFile; fileRef = A0C29EE3253C08760046CE15 /* CustomMainTabView.swift */; };
		D2ADE139253C3064006CAF08 /* CamView.swift in Sources */ = {isa = PBXBuildFile; fileRef = A0C29EEE253C25180046CE15 /* CamView.swift */; };
		D2ADE13A253C306E006CAF08 /* emotion_detector.mlmodel in Sources */ = {isa = PBXBuildFile; fileRef = A0C29EF4253C29730046CE15 /* emotion_detector.mlmodel */; };
		D2ADE13C253C3084006CAF08 /* Accelerate.framework in Frameworks */ = {isa = PBXBuildFile; fileRef = D2ADE13B253C3084006CAF08 /* Accelerate.framework */; };
		D2ADE13E253C3089006CAF08 /* OpenCL.framework in Frameworks */ = {isa = PBXBuildFile; fileRef = D2ADE13D253C3089006CAF08 /* OpenCL.framework */; };
		D2ADE152253C3212006CAF08 /* GoogleService-Info.plist in Resources */ = {isa = PBXBuildFile; fileRef = D2ADE151253C3212006CAF08 /* GoogleService-Info.plist */; };
		D2B21B35253C302000D3CB10 /* libc++.tbd in Frameworks */ = {isa = PBXBuildFile; fileRef = D2B21B34253C301900D3CB10 /* libc++.tbd */; };
/* End PBXBuildFile section */

/* Begin PBXCopyFilesBuildPhase section */
		A0C29EF3253C25B50046CE15 /* Embed Frameworks */ = {
			isa = PBXCopyFilesBuildPhase;
			buildActionMask = 2147483647;
			dstPath = "";
			dstSubfolderSpec = 10;
			files = (
			);
			name = "Embed Frameworks";
			runOnlyForDeploymentPostprocessing = 0;
		};
/* End PBXCopyFilesBuildPhase section */

/* Begin PBXFileReference section */
		1CD981D39F7082C1E39914A7 /* Pods_Identity_Crisis.framework */ = {isa = PBXFileReference; explicitFileType = wrapper.framework; includeInIndex = 0; path = Pods_Identity_Crisis.framework; sourceTree = BUILT_PRODUCTS_DIR; };
		4C95A0E5702D0631FC0139B1 /* Pods-Identity Crisis.release.xcconfig */ = {isa = PBXFileReference; includeInIndex = 1; lastKnownFileType = text.xcconfig; name = "Pods-Identity Crisis.release.xcconfig"; path = "Target Support Files/Pods-Identity Crisis/Pods-Identity Crisis.release.xcconfig"; sourceTree = "<group>"; };
		55C77D48FE03EEA5EF4FD769 /* Pods-Identity Crisis.debug.xcconfig */ = {isa = PBXFileReference; includeInIndex = 1; lastKnownFileType = text.xcconfig; name = "Pods-Identity Crisis.debug.xcconfig"; path = "Target Support Files/Pods-Identity Crisis/Pods-Identity Crisis.debug.xcconfig"; sourceTree = "<group>"; };
		A0C29EBC253BB9650046CE15 /* Identity Crisis.app */ = {isa = PBXFileReference; explicitFileType = wrapper.application; includeInIndex = 0; path = "Identity Crisis.app"; sourceTree = BUILT_PRODUCTS_DIR; };
		A0C29EBF253BB9650046CE15 /* AppDelegate.swift */ = {isa = PBXFileReference; lastKnownFileType = sourcecode.swift; path = AppDelegate.swift; sourceTree = "<group>"; };
		A0C29EC1253BB9650046CE15 /* ContentView.swift */ = {isa = PBXFileReference; lastKnownFileType = sourcecode.swift; path = ContentView.swift; sourceTree = "<group>"; };
		A0C29EC3253BB9670046CE15 /* Assets.xcassets */ = {isa = PBXFileReference; lastKnownFileType = folder.assetcatalog; path = Assets.xcassets; sourceTree = "<group>"; };
		A0C29EC6253BB9670046CE15 /* Preview Assets.xcassets */ = {isa = PBXFileReference; lastKnownFileType = folder.assetcatalog; path = "Preview Assets.xcassets"; sourceTree = "<group>"; };
		A0C29EC9253BB9670046CE15 /* Base */ = {isa = PBXFileReference; lastKnownFileType = file.storyboard; name = Base; path = Base.lproj/Main.storyboard; sourceTree = "<group>"; };
		A0C29ECB253BB9670046CE15 /* Info.plist */ = {isa = PBXFileReference; lastKnownFileType = text.plist.xml; path = Info.plist; sourceTree = "<group>"; };
		A0C29ECC253BB9670046CE15 /* Identity_Crisis.entitlements */ = {isa = PBXFileReference; lastKnownFileType = text.plist.entitlements; path = Identity_Crisis.entitlements; sourceTree = "<group>"; };
		A0C29ED7253BBE080046CE15 /* StatisticsView.swift */ = {isa = PBXFileReference; lastKnownFileType = sourcecode.swift; path = StatisticsView.swift; sourceTree = "<group>"; };
		A0C29EDA253BC3370046CE15 /* MainTabView.swift */ = {isa = PBXFileReference; lastKnownFileType = sourcecode.swift; path = MainTabView.swift; sourceTree = "<group>"; };
		A0C29EDE253BD7ED0046CE15 /* FloatingBar.swift */ = {isa = PBXFileReference; lastKnownFileType = sourcecode.swift; path = FloatingBar.swift; sourceTree = "<group>"; };
		A0C29EE3253C08760046CE15 /* CustomMainTabView.swift */ = {isa = PBXFileReference; lastKnownFileType = sourcecode.swift; path = CustomMainTabView.swift; sourceTree = "<group>"; };
		A0C29EEE253C25180046CE15 /* CamView.swift */ = {isa = PBXFileReference; lastKnownFileType = sourcecode.swift; path = CamView.swift; sourceTree = "<group>"; };
		A0C29EF4253C29730046CE15 /* emotion_detector.mlmodel */ = {isa = PBXFileReference; lastKnownFileType = file.mlmodel; path = emotion_detector.mlmodel; sourceTree = "<group>"; };
		D2519DFE253BC424002C7E80 /* CameraInput.swift */ = {isa = PBXFileReference; lastKnownFileType = sourcecode.swift; path = CameraInput.swift; sourceTree = "<group>"; };
		D2519E03253BCA4A002C7E80 /* Emotion.swift */ = {isa = PBXFileReference; lastKnownFileType = sourcecode.swift; path = Emotion.swift; sourceTree = "<group>"; };
		D2519E0A253BCBEE002C7E80 /* EmotionClassification.swift */ = {isa = PBXFileReference; lastKnownFileType = sourcecode.swift; path = EmotionClassification.swift; sourceTree = "<group>"; };
		D2ADE10F253BE380006CAF08 /* opencv2.framework */ = {isa = PBXFileReference; lastKnownFileType = wrapper.framework; path = opencv2.framework; sourceTree = "<group>"; };
		D2ADE13B253C3084006CAF08 /* Accelerate.framework */ = {isa = PBXFileReference; lastKnownFileType = wrapper.framework; name = Accelerate.framework; path = System/Library/Frameworks/Accelerate.framework; sourceTree = SDKROOT; };
		D2ADE13D253C3089006CAF08 /* OpenCL.framework */ = {isa = PBXFileReference; lastKnownFileType = wrapper.framework; name = OpenCL.framework; path = System/Library/Frameworks/OpenCL.framework; sourceTree = SDKROOT; };
		D2ADE151253C3212006CAF08 /* GoogleService-Info.plist */ = {isa = PBXFileReference; fileEncoding = 4; lastKnownFileType = text.plist.xml; path = "GoogleService-Info.plist"; sourceTree = "<group>"; };
		D2B21B34253C301900D3CB10 /* libc++.tbd */ = {isa = PBXFileReference; lastKnownFileType = "sourcecode.text-based-dylib-definition"; name = "libc++.tbd"; path = "usr/lib/libc++.tbd"; sourceTree = SDKROOT; };
/* End PBXFileReference section */

/* Begin PBXFrameworksBuildPhase section */
		A0C29EB9253BB9640046CE15 /* Frameworks */ = {
			isa = PBXFrameworksBuildPhase;
			buildActionMask = 2147483647;
			files = (
				D2ADE13E253C3089006CAF08 /* OpenCL.framework in Frameworks */,
				D2B21B35253C302000D3CB10 /* libc++.tbd in Frameworks */,
				D2ADE13C253C3084006CAF08 /* Accelerate.framework in Frameworks */,
				4FC3CC7199E8F2F1AEE1F6D7 /* Pods_Identity_Crisis.framework in Frameworks */,
				D2ADE110253BE380006CAF08 /* opencv2.framework in Frameworks */,
			);
			runOnlyForDeploymentPostprocessing = 0;
		};
/* End PBXFrameworksBuildPhase section */

/* Begin PBXGroup section */
		67A35302F6B827AFCE0FB0A0 /* Pods */ = {
			isa = PBXGroup;
			children = (
				55C77D48FE03EEA5EF4FD769 /* Pods-Identity Crisis.debug.xcconfig */,
				4C95A0E5702D0631FC0139B1 /* Pods-Identity Crisis.release.xcconfig */,
			);
			path = Pods;
			sourceTree = "<group>";
		};
		74AA0F617D0E754C252CEC28 /* Frameworks */ = {
			isa = PBXGroup;
			children = (
				D2ADE13D253C3089006CAF08 /* OpenCL.framework */,
				D2ADE13B253C3084006CAF08 /* Accelerate.framework */,
				D2B21B34253C301900D3CB10 /* libc++.tbd */,
				1CD981D39F7082C1E39914A7 /* Pods_Identity_Crisis.framework */,
			);
			name = Frameworks;
			sourceTree = "<group>";
		};
		A0C29EB3253BB9640046CE15 = {
			isa = PBXGroup;
			children = (
				A0C29EBE253BB9650046CE15 /* Identity Crisis */,
				A0C29EBD253BB9650046CE15 /* Products */,
				67A35302F6B827AFCE0FB0A0 /* Pods */,
				74AA0F617D0E754C252CEC28 /* Frameworks */,
			);
			sourceTree = "<group>";
		};
		A0C29EBD253BB9650046CE15 /* Products */ = {
			isa = PBXGroup;
			children = (
				A0C29EBC253BB9650046CE15 /* Identity Crisis.app */,
			);
			name = Products;
			sourceTree = "<group>";
		};
		A0C29EBE253BB9650046CE15 /* Identity Crisis */ = {
			isa = PBXGroup;
			children = (
				A0C29EBF253BB9650046CE15 /* AppDelegate.swift */,
				A0C29EEE253C25180046CE15 /* CamView.swift */,
				A0C29EC1253BB9650046CE15 /* ContentView.swift */,
				A0C29EDA253BC3370046CE15 /* MainTabView.swift */,
				A0C29ED7253BBE080046CE15 /* StatisticsView.swift */,
				A0C29EE3253C08760046CE15 /* CustomMainTabView.swift */,
				A0C29EDE253BD7ED0046CE15 /* FloatingBar.swift */,
				D2519DFE253BC424002C7E80 /* CameraInput.swift */,
				D2519E0A253BCBEE002C7E80 /* EmotionClassification.swift */,
				D2519E03253BCA4A002C7E80 /* Emotion.swift */,
				A0C29EC3253BB9670046CE15 /* Assets.xcassets */,
				A0C29EF4253C29730046CE15 /* emotion_detector.mlmodel */,
				A0C29EC8253BB9670046CE15 /* Main.storyboard */,
				A0C29ECB253BB9670046CE15 /* Info.plist */,
				D2ADE151253C3212006CAF08 /* GoogleService-Info.plist */,
				A0C29ECC253BB9670046CE15 /* Identity_Crisis.entitlements */,
				D2ADE10F253BE380006CAF08 /* opencv2.framework */,
				A0C29EC5253BB9670046CE15 /* Preview Content */,
			);
			path = "Identity Crisis";
			sourceTree = "<group>";
		};
		A0C29EC5253BB9670046CE15 /* Preview Content */ = {
			isa = PBXGroup;
			children = (
				A0C29EC6253BB9670046CE15 /* Preview Assets.xcassets */,
			);
			path = "Preview Content";
			sourceTree = "<group>";
		};
/* End PBXGroup section */

/* Begin PBXNativeTarget section */
		A0C29EBB253BB9640046CE15 /* Identity Crisis */ = {
			isa = PBXNativeTarget;
			buildConfigurationList = A0C29ECF253BB9670046CE15 /* Build configuration list for PBXNativeTarget "Identity Crisis" */;
			buildPhases = (
				03839C769F4A2F6ED965A8A3 /* [CP] Check Pods Manifest.lock */,
				A0C29EB8253BB9640046CE15 /* Sources */,
				A0C29EB9253BB9640046CE15 /* Frameworks */,
				A0C29EBA253BB9640046CE15 /* Resources */,
				E13E71F013344A4CD004A4B3 /* [CP] Embed Pods Frameworks */,
				A0C29EF3253C25B50046CE15 /* Embed Frameworks */,
			);
			buildRules = (
			);
			dependencies = (
			);
			name = "Identity Crisis";
			productName = "Identity Crisis";
			productReference = A0C29EBC253BB9650046CE15 /* Identity Crisis.app */;
			productType = "com.apple.product-type.application";
		};
/* End PBXNativeTarget section */

/* Begin PBXProject section */
		A0C29EB4253BB9640046CE15 /* Project object */ = {
			isa = PBXProject;
			attributes = {
				LastSwiftUpdateCheck = 1200;
				LastUpgradeCheck = 1200;
				TargetAttributes = {
					A0C29EBB253BB9640046CE15 = {
						CreatedOnToolsVersion = 12.0.1;
						LastSwiftMigration = 1220;
					};
				};
			};
			buildConfigurationList = A0C29EB7253BB9640046CE15 /* Build configuration list for PBXProject "Identity Crisis" */;
			compatibilityVersion = "Xcode 9.3";
			developmentRegion = en;
			hasScannedForEncodings = 0;
			knownRegions = (
				en,
				Base,
			);
			mainGroup = A0C29EB3253BB9640046CE15;
			productRefGroup = A0C29EBD253BB9650046CE15 /* Products */;
			projectDirPath = "";
			projectRoot = "";
			targets = (
				A0C29EBB253BB9640046CE15 /* Identity Crisis */,
			);
		};
/* End PBXProject section */

/* Begin PBXResourcesBuildPhase section */
		A0C29EBA253BB9640046CE15 /* Resources */ = {
			isa = PBXResourcesBuildPhase;
			buildActionMask = 2147483647;
			files = (
				A0C29ECA253BB9670046CE15 /* Main.storyboard in Resources */,
				D2ADE152253C3212006CAF08 /* GoogleService-Info.plist in Resources */,
				A0C29EC7253BB9670046CE15 /* Preview Assets.xcassets in Resources */,
				A0C29EC4253BB9670046CE15 /* Assets.xcassets in Resources */,
			);
			runOnlyForDeploymentPostprocessing = 0;
		};
/* End PBXResourcesBuildPhase section */

/* Begin PBXShellScriptBuildPhase section */
		03839C769F4A2F6ED965A8A3 /* [CP] Check Pods Manifest.lock */ = {
			isa = PBXShellScriptBuildPhase;
			buildActionMask = 2147483647;
			files = (
			);
			inputFileListPaths = (
			);
			inputPaths = (
				"${PODS_PODFILE_DIR_PATH}/Podfile.lock",
				"${PODS_ROOT}/Manifest.lock",
			);
			name = "[CP] Check Pods Manifest.lock";
			outputFileListPaths = (
			);
			outputPaths = (
				"$(DERIVED_FILE_DIR)/Pods-Identity Crisis-checkManifestLockResult.txt",
			);
			runOnlyForDeploymentPostprocessing = 0;
			shellPath = /bin/sh;
			shellScript = "diff \"${PODS_PODFILE_DIR_PATH}/Podfile.lock\" \"${PODS_ROOT}/Manifest.lock\" > /dev/null\nif [ $? != 0 ] ; then\n    # print error to STDERR\n    echo \"error: The sandbox is not in sync with the Podfile.lock. Run 'pod install' or update your CocoaPods installation.\" >&2\n    exit 1\nfi\n# This output is used by Xcode 'outputs' to avoid re-running this script phase.\necho \"SUCCESS\" > \"${SCRIPT_OUTPUT_FILE_0}\"\n";
			showEnvVarsInLog = 0;
		};
		E13E71F013344A4CD004A4B3 /* [CP] Embed Pods Frameworks */ = {
			isa = PBXShellScriptBuildPhase;
			buildActionMask = 2147483647;
			files = (
			);
			inputFileListPaths = (
				"${PODS_ROOT}/Target Support Files/Pods-Identity Crisis/Pods-Identity Crisis-frameworks-${CONFIGURATION}-input-files.xcfilelist",
			);
			name = "[CP] Embed Pods Frameworks";
			outputFileListPaths = (
				"${PODS_ROOT}/Target Support Files/Pods-Identity Crisis/Pods-Identity Crisis-frameworks-${CONFIGURATION}-output-files.xcfilelist",
			);
			runOnlyForDeploymentPostprocessing = 0;
			shellPath = /bin/sh;
			shellScript = "\"${PODS_ROOT}/Target Support Files/Pods-Identity Crisis/Pods-Identity Crisis-frameworks.sh\"\n";
			showEnvVarsInLog = 0;
		};
/* End PBXShellScriptBuildPhase section */

/* Begin PBXSourcesBuildPhase section */
		A0C29EB8253BB9640046CE15 /* Sources */ = {
			isa = PBXSourcesBuildPhase;
			buildActionMask = 2147483647;
			files = (
				D2ADE139253C3064006CAF08 /* CamView.swift in Sources */,
				D2ADE114253BE3DD006CAF08 /* AppDelegate.swift in Sources */,
				D2ADE115253BE3DD006CAF08 /* ContentView.swift in Sources */,
				D2ADE13A253C306E006CAF08 /* emotion_detector.mlmodel in Sources */,
				A0C29ED8253BBE080046CE15 /* StatisticsView.swift in Sources */,
				A0C29EDF253BD7ED0046CE15 /* FloatingBar.swift in Sources */,
				A0C29EDB253BC3370046CE15 /* MainTabView.swift in Sources */,
				D2519DFF253BC424002C7E80 /* CameraInput.swift in Sources */,
				D2519E0B253BCBEE002C7E80 /* EmotionClassification.swift in Sources */,
				D2ADE138253C3061006CAF08 /* CustomMainTabView.swift in Sources */,
				D2519E04253BCA4A002C7E80 /* Emotion.swift in Sources */,
			);
			runOnlyForDeploymentPostprocessing = 0;
		};
/* End PBXSourcesBuildPhase section */

/* Begin PBXVariantGroup section */
		A0C29EC8253BB9670046CE15 /* Main.storyboard */ = {
			isa = PBXVariantGroup;
			children = (
				A0C29EC9253BB9670046CE15 /* Base */,
			);
			name = Main.storyboard;
			sourceTree = "<group>";
		};
/* End PBXVariantGroup section */

/* Begin XCBuildConfiguration section */
		A0C29ECD253BB9670046CE15 /* Debug */ = {
			isa = XCBuildConfiguration;
			buildSettings = {
				ALWAYS_SEARCH_USER_PATHS = NO;
				CLANG_ANALYZER_NONNULL = YES;
				CLANG_ANALYZER_NUMBER_OBJECT_CONVERSION = YES_AGGRESSIVE;
				CLANG_CXX_LANGUAGE_STANDARD = "gnu++14";
				CLANG_CXX_LIBRARY = "libc++";
				CLANG_ENABLE_MODULES = YES;
				CLANG_ENABLE_OBJC_ARC = YES;
				CLANG_ENABLE_OBJC_WEAK = YES;
				CLANG_WARN_BLOCK_CAPTURE_AUTORELEASING = YES;
				CLANG_WARN_BOOL_CONVERSION = YES;
				CLANG_WARN_COMMA = YES;
				CLANG_WARN_CONSTANT_CONVERSION = YES;
				CLANG_WARN_DEPRECATED_OBJC_IMPLEMENTATIONS = YES;
				CLANG_WARN_DIRECT_OBJC_ISA_USAGE = YES_ERROR;
				CLANG_WARN_DOCUMENTATION_COMMENTS = YES;
				CLANG_WARN_EMPTY_BODY = YES;
				CLANG_WARN_ENUM_CONVERSION = YES;
				CLANG_WARN_INFINITE_RECURSION = YES;
				CLANG_WARN_INT_CONVERSION = YES;
				CLANG_WARN_NON_LITERAL_NULL_CONVERSION = YES;
				CLANG_WARN_OBJC_IMPLICIT_RETAIN_SELF = YES;
				CLANG_WARN_OBJC_LITERAL_CONVERSION = YES;
				CLANG_WARN_OBJC_ROOT_CLASS = YES_ERROR;
				CLANG_WARN_QUOTED_INCLUDE_IN_FRAMEWORK_HEADER = YES;
				CLANG_WARN_RANGE_LOOP_ANALYSIS = YES;
				CLANG_WARN_STRICT_PROTOTYPES = YES;
				CLANG_WARN_SUSPICIOUS_MOVE = YES;
				CLANG_WARN_UNGUARDED_AVAILABILITY = YES_AGGRESSIVE;
				CLANG_WARN_UNREACHABLE_CODE = YES;
				CLANG_WARN__DUPLICATE_METHOD_MATCH = YES;
				COPY_PHASE_STRIP = NO;
				DEBUG_INFORMATION_FORMAT = dwarf;
				ENABLE_STRICT_OBJC_MSGSEND = YES;
				ENABLE_TESTABILITY = YES;
				GCC_C_LANGUAGE_STANDARD = gnu11;
				GCC_DYNAMIC_NO_PIC = NO;
				GCC_NO_COMMON_BLOCKS = YES;
				GCC_OPTIMIZATION_LEVEL = 0;
				GCC_PREPROCESSOR_DEFINITIONS = (
					"DEBUG=1",
					"$(inherited)",
				);
				GCC_WARN_64_TO_32_BIT_CONVERSION = YES;
				GCC_WARN_ABOUT_RETURN_TYPE = YES_ERROR;
				GCC_WARN_UNDECLARED_SELECTOR = YES;
				GCC_WARN_UNINITIALIZED_AUTOS = YES_AGGRESSIVE;
				GCC_WARN_UNUSED_FUNCTION = YES;
				GCC_WARN_UNUSED_VARIABLE = YES;
				MACOSX_DEPLOYMENT_TARGET = 10.15;
				MTL_ENABLE_DEBUG_INFO = INCLUDE_SOURCE;
				MTL_FAST_MATH = YES;
				ONLY_ACTIVE_ARCH = YES;
				SDKROOT = macosx;
				SWIFT_ACTIVE_COMPILATION_CONDITIONS = DEBUG;
				SWIFT_OPTIMIZATION_LEVEL = "-Onone";
			};
			name = Debug;
		};
		A0C29ECE253BB9670046CE15 /* Release */ = {
			isa = XCBuildConfiguration;
			buildSettings = {
				ALWAYS_SEARCH_USER_PATHS = NO;
				CLANG_ANALYZER_NONNULL = YES;
				CLANG_ANALYZER_NUMBER_OBJECT_CONVERSION = YES_AGGRESSIVE;
				CLANG_CXX_LANGUAGE_STANDARD = "gnu++14";
				CLANG_CXX_LIBRARY = "libc++";
				CLANG_ENABLE_MODULES = YES;
				CLANG_ENABLE_OBJC_ARC = YES;
				CLANG_ENABLE_OBJC_WEAK = YES;
				CLANG_WARN_BLOCK_CAPTURE_AUTORELEASING = YES;
				CLANG_WARN_BOOL_CONVERSION = YES;
				CLANG_WARN_COMMA = YES;
				CLANG_WARN_CONSTANT_CONVERSION = YES;
				CLANG_WARN_DEPRECATED_OBJC_IMPLEMENTATIONS = YES;
				CLANG_WARN_DIRECT_OBJC_ISA_USAGE = YES_ERROR;
				CLANG_WARN_DOCUMENTATION_COMMENTS = YES;
				CLANG_WARN_EMPTY_BODY = YES;
				CLANG_WARN_ENUM_CONVERSION = YES;
				CLANG_WARN_INFINITE_RECURSION = YES;
				CLANG_WARN_INT_CONVERSION = YES;
				CLANG_WARN_NON_LITERAL_NULL_CONVERSION = YES;
				CLANG_WARN_OBJC_IMPLICIT_RETAIN_SELF = YES;
				CLANG_WARN_OBJC_LITERAL_CONVERSION = YES;
				CLANG_WARN_OBJC_ROOT_CLASS = YES_ERROR;
				CLANG_WARN_QUOTED_INCLUDE_IN_FRAMEWORK_HEADER = YES;
				CLANG_WARN_RANGE_LOOP_ANALYSIS = YES;
				CLANG_WARN_STRICT_PROTOTYPES = YES;
				CLANG_WARN_SUSPICIOUS_MOVE = YES;
				CLANG_WARN_UNGUARDED_AVAILABILITY = YES_AGGRESSIVE;
				CLANG_WARN_UNREACHABLE_CODE = YES;
				CLANG_WARN__DUPLICATE_METHOD_MATCH = YES;
				COPY_PHASE_STRIP = NO;
				DEBUG_INFORMATION_FORMAT = "dwarf-with-dsym";
				ENABLE_NS_ASSERTIONS = NO;
				ENABLE_STRICT_OBJC_MSGSEND = YES;
				GCC_C_LANGUAGE_STANDARD = gnu11;
				GCC_NO_COMMON_BLOCKS = YES;
				GCC_WARN_64_TO_32_BIT_CONVERSION = YES;
				GCC_WARN_ABOUT_RETURN_TYPE = YES_ERROR;
				GCC_WARN_UNDECLARED_SELECTOR = YES;
				GCC_WARN_UNINITIALIZED_AUTOS = YES_AGGRESSIVE;
				GCC_WARN_UNUSED_FUNCTION = YES;
				GCC_WARN_UNUSED_VARIABLE = YES;
				MACOSX_DEPLOYMENT_TARGET = 10.15;
				MTL_ENABLE_DEBUG_INFO = NO;
				MTL_FAST_MATH = YES;
				SDKROOT = macosx;
				SWIFT_COMPILATION_MODE = wholemodule;
				SWIFT_OPTIMIZATION_LEVEL = "-O";
			};
			name = Release;
		};
		A0C29ED0253BB9670046CE15 /* Debug */ = {
			isa = XCBuildConfiguration;
			baseConfigurationReference = 55C77D48FE03EEA5EF4FD769 /* Pods-Identity Crisis.debug.xcconfig */;
			buildSettings = {
				ASSETCATALOG_COMPILER_APPICON_NAME = AppIcon;
				ASSETCATALOG_COMPILER_GLOBAL_ACCENT_COLOR_NAME = AccentColor;
				CLANG_ENABLE_MODULES = YES;
				CLANG_WARN_QUOTED_INCLUDE_IN_FRAMEWORK_HEADER = YES;
				CODE_SIGN_ENTITLEMENTS = "Identity Crisis/Identity_Crisis.entitlements";
				CODE_SIGN_STYLE = Automatic;
				COMBINE_HIDPI_IMAGES = YES;
				DEVELOPMENT_ASSET_PATHS = "\"Identity Crisis/Preview Content\"";
				DEVELOPMENT_TEAM = 9HEUH9ZE2Q;
				ENABLE_HARDENED_RUNTIME = YES;
				ENABLE_PREVIEWS = YES;
				FRAMEWORK_SEARCH_PATHS = (
					"$(inherited)",
					"$(PROJECT_DIR)/Identity\\ Crisis",
					"$(PROJECT_DIR)/Identity\\ Crisis",
					"$(PROJECT_DIR)/Identity\\ Crisis",
				);
				INFOPLIST_FILE = "Identity Crisis/Info.plist";
				LD_RUNPATH_SEARCH_PATHS = (
					"$(inherited)",
					"@executable_path/../Frameworks",
				);
				MACOSX_DEPLOYMENT_TARGET = 10.15;
				NEW_SETTING = "";
				OTHER_LDFLAGS = (
					"-all_load",
					"$(OTHER_LDFLAGS)",
					"-ObjC",
				);
				PRODUCT_BUNDLE_IDENTIFIER = "io.github.uwdevapp.Identity-Crisis";
				PRODUCT_NAME = "$(TARGET_NAME)";
				SWIFT_OPTIMIZATION_LEVEL = "-Onone";
				SWIFT_VERSION = 5.0;
			};
			name = Debug;
		};
		A0C29ED1253BB9670046CE15 /* Release */ = {
			isa = XCBuildConfiguration;
			baseConfigurationReference = 4C95A0E5702D0631FC0139B1 /* Pods-Identity Crisis.release.xcconfig */;
			buildSettings = {
				ASSETCATALOG_COMPILER_APPICON_NAME = AppIcon;
				ASSETCATALOG_COMPILER_GLOBAL_ACCENT_COLOR_NAME = AccentColor;
				CLANG_ENABLE_MODULES = YES;
				CLANG_WARN_QUOTED_INCLUDE_IN_FRAMEWORK_HEADER = YES;
				CODE_SIGN_ENTITLEMENTS = "Identity Crisis/Identity_Crisis.entitlements";
				CODE_SIGN_STYLE = Automatic;
				COMBINE_HIDPI_IMAGES = YES;
				DEVELOPMENT_ASSET_PATHS = "\"Identity Crisis/Preview Content\"";
				DEVELOPMENT_TEAM = 9HEUH9ZE2Q;
				ENABLE_HARDENED_RUNTIME = YES;
				ENABLE_PREVIEWS = YES;
				FRAMEWORK_SEARCH_PATHS = (
					"$(inherited)",
					"$(PROJECT_DIR)/Identity\\ Crisis",
					"$(PROJECT_DIR)/Identity\\ Crisis",
					"$(PROJECT_DIR)/Identity\\ Crisis",
				);
				INFOPLIST_FILE = "Identity Crisis/Info.plist";
				LD_RUNPATH_SEARCH_PATHS = (
					"$(inherited)",
					"@executable_path/../Frameworks",
				);
				MACOSX_DEPLOYMENT_TARGET = 10.15;
				NEW_SETTING = "";
				OTHER_LDFLAGS = (
					"-all_load",
					"$(OTHER_LDFLAGS)",
					"-ObjC",
				);
				PRODUCT_BUNDLE_IDENTIFIER = "io.github.uwdevapp.Identity-Crisis";
				PRODUCT_NAME = "$(TARGET_NAME)";
				SWIFT_VERSION = 5.0;
			};
			name = Release;
		};
/* End XCBuildConfiguration section */

/* Begin XCConfigurationList section */
		A0C29EB7253BB9640046CE15 /* Build configuration list for PBXProject "Identity Crisis" */ = {
			isa = XCConfigurationList;
			buildConfigurations = (
				A0C29ECD253BB9670046CE15 /* Debug */,
				A0C29ECE253BB9670046CE15 /* Release */,
			);
			defaultConfigurationIsVisible = 0;
			defaultConfigurationName = Release;
		};
		A0C29ECF253BB9670046CE15 /* Build configuration list for PBXNativeTarget "Identity Crisis" */ = {
			isa = XCConfigurationList;
			buildConfigurations = (
				A0C29ED0253BB9670046CE15 /* Debug */,
				A0C29ED1253BB9670046CE15 /* Release */,
			);
			defaultConfigurationIsVisible = 0;
			defaultConfigurationName = Release;
		};
/* End XCConfigurationList section */
	};
	rootObject = A0C29EB4253BB9640046CE15 /* Project object */;
}
