// !$*UTF8*$!
{
	archiveVersion = 1;
	classes = {
	};
	objectVersion = 50;
	objects = {

/* Begin PBXBuildFile section */
		A0C29EC0253BB9650046CE15 /* AppDelegate.swift in Sources */ = {isa = PBXBuildFile; fileRef = A0C29EBF253BB9650046CE15 /* AppDelegate.swift */; };
		A0C29EC2253BB9650046CE15 /* ContentView.swift in Sources */ = {isa = PBXBuildFile; fileRef = A0C29EC1253BB9650046CE15 /* ContentView.swift */; };
		A0C29EC4253BB9670046CE15 /* Assets.xcassets in Resources */ = {isa = PBXBuildFile; fileRef = A0C29EC3253BB9670046CE15 /* Assets.xcassets */; };
		A0C29EC7253BB9670046CE15 /* Preview Assets.xcassets in Resources */ = {isa = PBXBuildFile; fileRef = A0C29EC6253BB9670046CE15 /* Preview Assets.xcassets */; };
		A0C29ECA253BB9670046CE15 /* Main.storyboard in Resources */ = {isa = PBXBuildFile; fileRef = A0C29EC8253BB9670046CE15 /* Main.storyboard */; };
		A0C29ED8253BBE080046CE15 /* EmotionalView.swift in Sources */ = {isa = PBXBuildFile; fileRef = A0C29ED7253BBE080046CE15 /* EmotionalView.swift */; };
		A0C29EDB253BC3370046CE15 /* MainTabView.swift in Sources */ = {isa = PBXBuildFile; fileRef = A0C29EDA253BC3370046CE15 /* MainTabView.swift */; };
		A0C29EDF253BD7ED0046CE15 /* FloatingBar.swift in Sources */ = {isa = PBXBuildFile; fileRef = A0C29EDE253BD7ED0046CE15 /* FloatingBar.swift */; };
/* End PBXBuildFile section */

/* Begin PBXFileReference section */
		A0C29EBC253BB9650046CE15 /* Identity Crisis.app */ = {isa = PBXFileReference; explicitFileType = wrapper.application; includeInIndex = 0; path = "Identity Crisis.app"; sourceTree = BUILT_PRODUCTS_DIR; };
		A0C29EBF253BB9650046CE15 /* AppDelegate.swift */ = {isa = PBXFileReference; lastKnownFileType = sourcecode.swift; path = AppDelegate.swift; sourceTree = "<group>"; };
		A0C29EC1253BB9650046CE15 /* ContentView.swift */ = {isa = PBXFileReference; lastKnownFileType = sourcecode.swift; path = ContentView.swift; sourceTree = "<group>"; };
		A0C29EC3253BB9670046CE15 /* Assets.xcassets */ = {isa = PBXFileReference; lastKnownFileType = folder.assetcatalog; path = Assets.xcassets; sourceTree = "<group>"; };
		A0C29EC6253BB9670046CE15 /* Preview Assets.xcassets */ = {isa = PBXFileReference; lastKnownFileType = folder.assetcatalog; path = "Preview Assets.xcassets"; sourceTree = "<group>"; };
		A0C29EC9253BB9670046CE15 /* Base */ = {isa = PBXFileReference; lastKnownFileType = file.storyboard; name = Base; path = Base.lproj/Main.storyboard; sourceTree = "<group>"; };
		A0C29ECB253BB9670046CE15 /* Info.plist */ = {isa = PBXFileReference; lastKnownFileType = text.plist.xml; path = Info.plist; sourceTree = "<group>"; };
		A0C29ECC253BB9670046CE15 /* Identity_Crisis.entitlements */ = {isa = PBXFileReference; lastKnownFileType = text.plist.entitlements; path = Identity_Crisis.entitlements; sourceTree = "<group>"; };
		A0C29ED7253BBE080046CE15 /* EmotionalView.swift */ = {isa = PBXFileReference; lastKnownFileType = sourcecode.swift; path = EmotionalView.swift; sourceTree = "<group>"; };
		A0C29EDA253BC3370046CE15 /* MainTabView.swift */ = {isa = PBXFileReference; lastKnownFileType = sourcecode.swift; path = MainTabView.swift; sourceTree = "<group>"; };
		A0C29EDE253BD7ED0046CE15 /* FloatingBar.swift */ = {isa = PBXFileReference; lastKnownFileType = sourcecode.swift; path = FloatingBar.swift; sourceTree = "<group>"; };
/* End PBXFileReference section */

/* Begin PBXFrameworksBuildPhase section */
		A0C29EB9253BB9640046CE15 /* Frameworks */ = {
			isa = PBXFrameworksBuildPhase;
			buildActionMask = 2147483647;
			files = (
			);
			runOnlyForDeploymentPostprocessing = 0;
		};
/* End PBXFrameworksBuildPhase section */

/* Begin PBXGroup section */
		A0C29EB3253BB9640046CE15 = {
			isa = PBXGroup;
			children = (
				A0C29EBE253BB9650046CE15 /* Identity Crisis */,
				A0C29EBD253BB9650046CE15 /* Products */,
			);
			sourceTree = "<group>";
		};
		A0C29EBD253BB9650046CE15 /* Products */ = {
			isa = PBXGroup;
			children = (
				A0C29EBC253BB9650046CE15 /* Identity Crisis.app */,
			);
			name = Products;
			sourceTree = "<group>";
		};
		A0C29EBE253BB9650046CE15 /* Identity Crisis */ = {
			isa = PBXGroup;
			children = (
				A0C29EBF253BB9650046CE15 /* AppDelegate.swift */,
				A0C29EC1253BB9650046CE15 /* ContentView.swift */,
				A0C29EDA253BC3370046CE15 /* MainTabView.swift */,
				A0C29ED7253BBE080046CE15 /* EmotionalView.swift */,
				A0C29EDE253BD7ED0046CE15 /* FloatingBar.swift */,
				A0C29EC3253BB9670046CE15 /* Assets.xcassets */,
				A0C29EC8253BB9670046CE15 /* Main.storyboard */,
				A0C29ECB253BB9670046CE15 /* Info.plist */,
				A0C29ECC253BB9670046CE15 /* Identity_Crisis.entitlements */,
				A0C29EC5253BB9670046CE15 /* Preview Content */,
			);
			path = "Identity Crisis";
			sourceTree = "<group>";
		};
		A0C29EC5253BB9670046CE15 /* Preview Content */ = {
			isa = PBXGroup;
			children = (
				A0C29EC6253BB9670046CE15 /* Preview Assets.xcassets */,
			);
			path = "Preview Content";
			sourceTree = "<group>";
		};
/* End PBXGroup section */

/* Begin PBXNativeTarget section */
		A0C29EBB253BB9640046CE15 /* Identity Crisis */ = {
			isa = PBXNativeTarget;
			buildConfigurationList = A0C29ECF253BB9670046CE15 /* Build configuration list for PBXNativeTarget "Identity Crisis" */;
			buildPhases = (
				A0C29EB8253BB9640046CE15 /* Sources */,
				A0C29EB9253BB9640046CE15 /* Frameworks */,
				A0C29EBA253BB9640046CE15 /* Resources */,
			);
			buildRules = (
			);
			dependencies = (
			);
			name = "Identity Crisis";
			productName = "Identity Crisis";
			productReference = A0C29EBC253BB9650046CE15 /* Identity Crisis.app */;
			productType = "com.apple.product-type.application";
		};
/* End PBXNativeTarget section */

/* Begin PBXProject section */
		A0C29EB4253BB9640046CE15 /* Project object */ = {
			isa = PBXProject;
			attributes = {
				LastSwiftUpdateCheck = 1200;
				LastUpgradeCheck = 1200;
				TargetAttributes = {
					A0C29EBB253BB9640046CE15 = {
						CreatedOnToolsVersion = 12.0.1;
					};
				};
			};
			buildConfigurationList = A0C29EB7253BB9640046CE15 /* Build configuration list for PBXProject "Identity Crisis" */;
			compatibilityVersion = "Xcode 9.3";
			developmentRegion = en;
			hasScannedForEncodings = 0;
			knownRegions = (
				en,
				Base,
			);
			mainGroup = A0C29EB3253BB9640046CE15;
			productRefGroup = A0C29EBD253BB9650046CE15 /* Products */;
			projectDirPath = "";
			projectRoot = "";
			targets = (
				A0C29EBB253BB9640046CE15 /* Identity Crisis */,
			);
		};
/* End PBXProject section */

/* Begin PBXResourcesBuildPhase section */
		A0C29EBA253BB9640046CE15 /* Resources */ = {
			isa = PBXResourcesBuildPhase;
			buildActionMask = 2147483647;
			files = (
				A0C29ECA253BB9670046CE15 /* Main.storyboard in Resources */,
				A0C29EC7253BB9670046CE15 /* Preview Assets.xcassets in Resources */,
				A0C29EC4253BB9670046CE15 /* Assets.xcassets in Resources */,
			);
			runOnlyForDeploymentPostprocessing = 0;
		};
/* End PBXResourcesBuildPhase section */

/* Begin PBXSourcesBuildPhase section */
		A0C29EB8253BB9640046CE15 /* Sources */ = {
			isa = PBXSourcesBuildPhase;
			buildActionMask = 2147483647;
			files = (
				A0C29ED8253BBE080046CE15 /* EmotionalView.swift in Sources */,
				A0C29EC2253BB9650046CE15 /* ContentView.swift in Sources */,
				A0C29EC0253BB9650046CE15 /* AppDelegate.swift in Sources */,
				A0C29EDF253BD7ED0046CE15 /* FloatingBar.swift in Sources */,
				A0C29EDB253BC3370046CE15 /* MainTabView.swift in Sources */,
			);
			runOnlyForDeploymentPostprocessing = 0;
		};
/* End PBXSourcesBuildPhase section */

/* Begin PBXVariantGroup section */
		A0C29EC8253BB9670046CE15 /* Main.storyboard */ = {
			isa = PBXVariantGroup;
			children = (
				A0C29EC9253BB9670046CE15 /* Base */,
			);
			name = Main.storyboard;
			sourceTree = "<group>";
		};
/* End PBXVariantGroup section */

/* Begin XCBuildConfiguration section */
		A0C29ECD253BB9670046CE15 /* Debug */ = {
			isa = XCBuildConfiguration;
			buildSettings = {
				ALWAYS_SEARCH_USER_PATHS = NO;
				CLANG_ANALYZER_NONNULL = YES;
				CLANG_ANALYZER_NUMBER_OBJECT_CONVERSION = YES_AGGRESSIVE;
				CLANG_CXX_LANGUAGE_STANDARD = "gnu++14";
				CLANG_CXX_LIBRARY = "libc++";
				CLANG_ENABLE_MODULES = YES;
				CLANG_ENABLE_OBJC_ARC = YES;
				CLANG_ENABLE_OBJC_WEAK = YES;
				CLANG_WARN_BLOCK_CAPTURE_AUTORELEASING = YES;
				CLANG_WARN_BOOL_CONVERSION = YES;
				CLANG_WARN_COMMA = YES;
				CLANG_WARN_CONSTANT_CONVERSION = YES;
				CLANG_WARN_DEPRECATED_OBJC_IMPLEMENTATIONS = YES;
				CLANG_WARN_DIRECT_OBJC_ISA_USAGE = YES_ERROR;
				CLANG_WARN_DOCUMENTATION_COMMENTS = YES;
				CLANG_WARN_EMPTY_BODY = YES;
				CLANG_WARN_ENUM_CONVERSION = YES;
				CLANG_WARN_INFINITE_RECURSION = YES;
				CLANG_WARN_INT_CONVERSION = YES;
				CLANG_WARN_NON_LITERAL_NULL_CONVERSION = YES;
				CLANG_WARN_OBJC_IMPLICIT_RETAIN_SELF = YES;
				CLANG_WARN_OBJC_LITERAL_CONVERSION = YES;
				CLANG_WARN_OBJC_ROOT_CLASS = YES_ERROR;
				CLANG_WARN_QUOTED_INCLUDE_IN_FRAMEWORK_HEADER = YES;
				CLANG_WARN_RANGE_LOOP_ANALYSIS = YES;
				CLANG_WARN_STRICT_PROTOTYPES = YES;
				CLANG_WARN_SUSPICIOUS_MOVE = YES;
				CLANG_WARN_UNGUARDED_AVAILABILITY = YES_AGGRESSIVE;
				CLANG_WARN_UNREACHABLE_CODE = YES;
				CLANG_WARN__DUPLICATE_METHOD_MATCH = YES;
				COPY_PHASE_STRIP = NO;
				DEBUG_INFORMATION_FORMAT = dwarf;
				ENABLE_STRICT_OBJC_MSGSEND = YES;
				ENABLE_TESTABILITY = YES;
				GCC_C_LANGUAGE_STANDARD = gnu11;
				GCC_DYNAMIC_NO_PIC = NO;
				GCC_NO_COMMON_BLOCKS = YES;
				GCC_OPTIMIZATION_LEVEL = 0;
				GCC_PREPROCESSOR_DEFINITIONS = (
					"DEBUG=1",
					"$(inherited)",
				);
				GCC_WARN_64_TO_32_BIT_CONVERSION = YES;
				GCC_WARN_ABOUT_RETURN_TYPE = YES_ERROR;
				GCC_WARN_UNDECLARED_SELECTOR = YES;
				GCC_WARN_UNINITIALIZED_AUTOS = YES_AGGRESSIVE;
				GCC_WARN_UNUSED_FUNCTION = YES;
				GCC_WARN_UNUSED_VARIABLE = YES;
				MACOSX_DEPLOYMENT_TARGET = 10.15;
				MTL_ENABLE_DEBUG_INFO = INCLUDE_SOURCE;
				MTL_FAST_MATH = YES;
				ONLY_ACTIVE_ARCH = YES;
				SDKROOT = macosx;
				SWIFT_ACTIVE_COMPILATION_CONDITIONS = DEBUG;
				SWIFT_OPTIMIZATION_LEVEL = "-Onone";
			};
			name = Debug;
		};
		A0C29ECE253BB9670046CE15 /* Release */ = {
			isa = XCBuildConfiguration;
			buildSettings = {
				ALWAYS_SEARCH_USER_PATHS = NO;
				CLANG_ANALYZER_NONNULL = YES;
				CLANG_ANALYZER_NUMBER_OBJECT_CONVERSION = YES_AGGRESSIVE;
				CLANG_CXX_LANGUAGE_STANDARD = "gnu++14";
				CLANG_CXX_LIBRARY = "libc++";
				CLANG_ENABLE_MODULES = YES;
				CLANG_ENABLE_OBJC_ARC = YES;
				CLANG_ENABLE_OBJC_WEAK = YES;
				CLANG_WARN_BLOCK_CAPTURE_AUTORELEASING = YES;
				CLANG_WARN_BOOL_CONVERSION = YES;
				CLANG_WARN_COMMA = YES;
				CLANG_WARN_CONSTANT_CONVERSION = YES;
				CLANG_WARN_DEPRECATED_OBJC_IMPLEMENTATIONS = YES;
				CLANG_WARN_DIRECT_OBJC_ISA_USAGE = YES_ERROR;
				CLANG_WARN_DOCUMENTATION_COMMENTS = YES;
				CLANG_WARN_EMPTY_BODY = YES;
				CLANG_WARN_ENUM_CONVERSION = YES;
				CLANG_WARN_INFINITE_RECURSION = YES;
				CLANG_WARN_INT_CONVERSION = YES;
				CLANG_WARN_NON_LITERAL_NULL_CONVERSION = YES;
				CLANG_WARN_OBJC_IMPLICIT_RETAIN_SELF = YES;
				CLANG_WARN_OBJC_LITERAL_CONVERSION = YES;
				CLANG_WARN_OBJC_ROOT_CLASS = YES_ERROR;
				CLANG_WARN_QUOTED_INCLUDE_IN_FRAMEWORK_HEADER = YES;
				CLANG_WARN_RANGE_LOOP_ANALYSIS = YES;
				CLANG_WARN_STRICT_PROTOTYPES = YES;
				CLANG_WARN_SUSPICIOUS_MOVE = YES;
				CLANG_WARN_UNGUARDED_AVAILABILITY = YES_AGGRESSIVE;
				CLANG_WARN_UNREACHABLE_CODE = YES;
				CLANG_WARN__DUPLICATE_METHOD_MATCH = YES;
				COPY_PHASE_STRIP = NO;
				DEBUG_INFORMATION_FORMAT = "dwarf-with-dsym";
				ENABLE_NS_ASSERTIONS = NO;
				ENABLE_STRICT_OBJC_MSGSEND = YES;
				GCC_C_LANGUAGE_STANDARD = gnu11;
				GCC_NO_COMMON_BLOCKS = YES;
				GCC_WARN_64_TO_32_BIT_CONVERSION = YES;
				GCC_WARN_ABOUT_RETURN_TYPE = YES_ERROR;
				GCC_WARN_UNDECLARED_SELECTOR = YES;
				GCC_WARN_UNINITIALIZED_AUTOS = YES_AGGRESSIVE;
				GCC_WARN_UNUSED_FUNCTION = YES;
				GCC_WARN_UNUSED_VARIABLE = YES;
				MACOSX_DEPLOYMENT_TARGET = 10.15;
				MTL_ENABLE_DEBUG_INFO = NO;
				MTL_FAST_MATH = YES;
				SDKROOT = macosx;
				SWIFT_COMPILATION_MODE = wholemodule;
				SWIFT_OPTIMIZATION_LEVEL = "-O";
			};
			name = Release;
		};
		A0C29ED0253BB9670046CE15 /* Debug */ = {
			isa = XCBuildConfiguration;
			buildSettings = {
				ASSETCATALOG_COMPILER_APPICON_NAME = AppIcon;
				ASSETCATALOG_COMPILER_GLOBAL_ACCENT_COLOR_NAME = AccentColor;
				CODE_SIGN_ENTITLEMENTS = "Identity Crisis/Identity_Crisis.entitlements";
				CODE_SIGN_STYLE = Automatic;
				COMBINE_HIDPI_IMAGES = YES;
				DEVELOPMENT_ASSET_PATHS = "\"Identity Crisis/Preview Content\"";
				DEVELOPMENT_TEAM = 9HEUH9ZE2Q;
				ENABLE_HARDENED_RUNTIME = YES;
				ENABLE_PREVIEWS = YES;
				INFOPLIST_FILE = "Identity Crisis/Info.plist";
				LD_RUNPATH_SEARCH_PATHS = (
					"$(inherited)",
					"@executable_path/../Frameworks",
				);
				MACOSX_DEPLOYMENT_TARGET = 10.15;
				PRODUCT_BUNDLE_IDENTIFIER = "com.Lucas-Wang.Identity-Crisis";
				PRODUCT_NAME = "$(TARGET_NAME)";
				SWIFT_VERSION = 5.0;
			};
			name = Debug;
		};
		A0C29ED1253BB9670046CE15 /* Release */ = {
			isa = XCBuildConfiguration;
			buildSettings = {
				ASSETCATALOG_COMPILER_APPICON_NAME = AppIcon;
				ASSETCATALOG_COMPILER_GLOBAL_ACCENT_COLOR_NAME = AccentColor;
				CODE_SIGN_ENTITLEMENTS = "Identity Crisis/Identity_Crisis.entitlements";
				CODE_SIGN_STYLE = Automatic;
				COMBINE_HIDPI_IMAGES = YES;
				DEVELOPMENT_ASSET_PATHS = "\"Identity Crisis/Preview Content\"";
				DEVELOPMENT_TEAM = 9HEUH9ZE2Q;
				ENABLE_HARDENED_RUNTIME = YES;
				ENABLE_PREVIEWS = YES;
				INFOPLIST_FILE = "Identity Crisis/Info.plist";
				LD_RUNPATH_SEARCH_PATHS = (
					"$(inherited)",
					"@executable_path/../Frameworks",
				);
				MACOSX_DEPLOYMENT_TARGET = 10.15;
				PRODUCT_BUNDLE_IDENTIFIER = "com.Lucas-Wang.Identity-Crisis";
				PRODUCT_NAME = "$(TARGET_NAME)";
				SWIFT_VERSION = 5.0;
			};
			name = Release;
		};
/* End XCBuildConfiguration section */

/* Begin XCConfigurationList section */
		A0C29EB7253BB9640046CE15 /* Build configuration list for PBXProject "Identity Crisis" */ = {
			isa = XCConfigurationList;
			buildConfigurations = (
				A0C29ECD253BB9670046CE15 /* Debug */,
				A0C29ECE253BB9670046CE15 /* Release */,
			);
			defaultConfigurationIsVisible = 0;
			defaultConfigurationName = Release;
		};
		A0C29ECF253BB9670046CE15 /* Build configuration list for PBXNativeTarget "Identity Crisis" */ = {
			isa = XCConfigurationList;
			buildConfigurations = (
				A0C29ED0253BB9670046CE15 /* Debug */,
				A0C29ED1253BB9670046CE15 /* Release */,
			);
			defaultConfigurationIsVisible = 0;
			defaultConfigurationName = Release;
		};
/* End XCConfigurationList section */
	};
	rootObject = A0C29EB4253BB9640046CE15 /* Project object */;
}
